{
    "_meta": {
        "hash": {
            "sha256": "fd2a582f6078ad1aa166c27869c931eed6f5622181ea0023ce23103714714492"
        },
        "pipfile-spec": 6,
        "requires": {
            "python_version": "3.8"
        },
        "sources": [
            {
                "name": "pypi",
                "url": "https://pypi.org/simple",
                "verify_ssl": true
            }
        ]
    },
    "default": {
        "amqp": {
            "hashes": [
                "sha256:6e649ca13a7df3faacdc8bbb280aa9a6602d22fd9d545336077e573a1f4ff3b8",
                "sha256:77f1aef9410698d20eaeac5b73a87817365f457a507d82edf292e12cbb83b08d"
            ],
            "version": "==2.5.2"
        },
        "arrow": {
            "hashes": [
                "sha256:5390e464e2c5f76971b60ffa7ee29c598c7501a294bc9f5e6dadcb251a5d027b",
                "sha256:70729bcc831da496ca3cb4b7e89472c8e2d27d398908155e0796179f6d2d41ee"
            ],
            "index": "pypi",
            "version": "==0.15.5"
        },
        "asgiref": {
            "hashes": [
                "sha256:3e4192eaec0758b99722f0b0666d5fbfaa713054d92e8de5b58ba84ec5ce696f",
                "sha256:c8f49dd3b42edcc51d09dd2eea8a92b3cfc987ff7e6486be734b4d0cbfd5d315"
            ],
            "version": "==3.2.5"
        },
        "billiard": {
            "hashes": [
                "sha256:bff575450859a6e0fbc2f9877d9b715b0bbc07c3565bb7ed2280526a0cdf5ede",
                "sha256:d91725ce6425f33a97dfa72fb6bfef0e47d4652acd98a032bd1a7fbf06d5fa6a"
            ],
            "version": "==3.6.3.0"
        },
        "botometer": {
            "hashes": [
                "sha256:a49c30abf1c84048d6ee2531f15e9b1afdd5eed5201ed774f355e6fad6ab677a"
            ],
            "index": "pypi",
            "version": "==1.4"
        },
        "brotli": {
            "hashes": [
                "sha256:0538dc1744fd17c314d2adc409ea7d1b779783b89fd95bcfb0c2acc93a6ea5a7",
                "sha256:0970a47f471782912d7705160b2b0a9306e68e6fadf9cffcaeb42d8f0951e26c",
                "sha256:113f51658e6fe548dce4b3749f6ef6c24de4184ba9c10a909cbee4261c2a5da0",
                "sha256:1e1aa9c4d1558889f42749c8baf846007953bfd32c8209230cf1cd1f5ef33495",
                "sha256:2f2f4f78f29ac4a45d15b3d9fc3fd9705e0ad313a44b129f6e1d0c6916bad0e2",
                "sha256:3269f6de1dd150fd0cce1c158b61ff5ac06d627fd3ae9c6ea03aed26fbbff7ea",
                "sha256:3f4a1f6240916c7984c7f2542786710f622992508dafee0b1714e6d340fb9ffd",
                "sha256:50dd9ad2a2bb12da4e9002a438672d182f98e546e99952de80280a1e1729664f",
                "sha256:5519a4b01b1a4f965083cbfa2ef2b9774c5a5f352341c47b50776ad109423d72",
                "sha256:5eb27722d320370315971c427eb8aa7cc0791f2a458840d357ac653bd0ad3a14",
                "sha256:5f06b4d5b6f58e5b5c220c2f23cad034dc5efa51b01fde2351ced1605bd980e2",
                "sha256:71ceee286ea7ec613f1c36f1c6181864a6ca24ebb55e371276f33d6af8742834",
                "sha256:72848d25a5f9e736db4af4512e0c3feecc094d57d241f8f1ae959115a2c39756",
                "sha256:743001bca75f4a6b4454be3510feca46f9d61a0c782a9bc2bc684bdb245e279e",
                "sha256:7ac98c71a15648fd11bc1f32608b6110e396121280790082e32b9a3109048bc6",
                "sha256:9d1c2dd27a1083fefd05b1b2f8df4a6bc2aaa6c21dd82cd41c8ae5e7c23a87f8",
                "sha256:a13ce9b419fe9f277c63f700efb0e444331509d1881b5610d2ba7e9080606967",
                "sha256:a19ef0952b9d2803df88dff07f45a6c92d5676afb9b8d69cf32232d684036d11",
                "sha256:ad766ca8b8c1419b71a22756b45264f45725c86133dc80a7cbe30b6b78c75620",
                "sha256:ad7963f261988ee0883816b6b9f206f11461c9b3cb5cfbca0c9ab5adc406d395",
                "sha256:af0451e23016631a2f52925a10d738ac4a0f794ac315c30380b22efc0c90cbc6",
                "sha256:c16201060c5a3f8742e3deae759014251ac92f382f82bc2a41dc079ff18c3f24",
                "sha256:c43b202f65891861a9a336984a103de25de235f756de69e32db893156f767013",
                "sha256:c675c6cce4295cb1a692f3de7416aacace7314e064b94bc86e93aceefce7fd3e",
                "sha256:d17cec0b992b1434f5f9df9986563605a4d1b1acd5574c87fc2ac014bcbd3316",
                "sha256:dc91f6129953861a73d9a65c52a8dd682b561a9ebaf65283541645cab6489917",
                "sha256:e2f4cbd1760d2bf2f30e396c2301999aab0191aec031a6a8a04950b2f575a536",
                "sha256:f192e6d3556714105c10486bbd6d045e38a0c04d9da3cef21e0a8dfd8e162df4",
                "sha256:f775b07026af2b1b0b5a8b05e41571cdcf3a315a67df265d60af301656a5425b",
                "sha256:f969ec7f56ba9636679e69ca07fba548312ccaca37412ee823c7f413541ad7e0",
                "sha256:f9dc52cd70907aafb99a773b66b156f2f995c7a0d284397c487c8b71ddbef2f9",
                "sha256:f9ee88bb52352588ceb811d045b5c9bb1dc38927bc150fd156244f60ff3f59f1",
                "sha256:fc7212e36ebeb81aebf7949c92897b622490d7c0e333a479c0395591e7994600"
            ],
            "version": "==1.0.7"
        },
        "celery": {
            "hashes": [
                "sha256:108a0bf9018a871620936c33a3ee9f6336a89f8ef0a0f567a9001f4aa361415f",
                "sha256:5b4b37e276033fe47575107a2775469f0b721646a08c96ec2c61531e4fe45f2a"
            ],
            "index": "pypi",
            "version": "==4.4.2"
        },
        "certifi": {
            "hashes": [
                "sha256:017c25db2a153ce562900032d5bc68e9f191e44e9a0f762f373977de9df1fbb3",
                "sha256:25b64c7da4cd7479594d035c08c2d809eb4aab3a26e5a990ea98cc450c320f1f"
            ],
            "version": "==2019.11.28"
        },
        "chardet": {
            "hashes": [
                "sha256:84ab92ed1c4d4f16916e05906b6b75a6c0fb5db821cc65e70cbd64a3e2a5eaae",
                "sha256:fc323ffcaeaed0e0a02bf4d117757b98aed530d9ed4531e3e15460124c106691"
            ],
            "version": "==3.0.4"
        },
        "click": {
            "hashes": [
                "sha256:8a18b4ea89d8820c5d0c7da8a64b2c324b4dabb695804dbfea19b9be9d88c0cc",
                "sha256:e345d143d80bf5ee7534056164e5e112ea5e22716bbb1ce727941f4c8b471b9a"
            ],
            "version": "==7.1.1"
        },
        "dj-database-url": {
            "hashes": [
                "sha256:4aeaeb1f573c74835b0686a2b46b85990571159ffc21aa57ecd4d1e1cb334163",
                "sha256:851785365761ebe4994a921b433062309eb882fedd318e1b0fcecc607ed02da9"
            ],
            "index": "pypi",
            "version": "==0.5.0"
        },
        "django": {
            "hashes": [
                "sha256:50b781f6cbeb98f673aa76ed8e572a019a45e52bdd4ad09001072dfd91ab07c8",
                "sha256:89e451bfbb815280b137e33e454ddd56481fdaa6334054e6e031041ee1eda360"
            ],
            "index": "pypi",
            "version": "==3.0.4"
        },
        "django-cors-headers": {
            "hashes": [
                "sha256:a5960addecc04527ab26617e51b8ed42f0adab4594b24bb0f3c33e2bd3857c3f",
                "sha256:a785b5f446f6635810776d9f5f5d23e6a2a2f728ea982648370afaf0dfdf2627"
            ],
            "index": "pypi",
            "version": "==3.2.1"
        },
        "django-extensions": {
            "hashes": [
                "sha256:1a03c4e8bade575f8c2be6c76456f8a2be3f9b02ab9f47d3535afa9562dc0493",
                "sha256:2699cc1d6fb4bd393c0b5832fea4bc685f2ace5800b3c9ff222b2080f161ac04"
            ],
            "index": "pypi",
            "version": "==2.2.8"
        },
        "django-test-without-migrations": {
            "hashes": [
                "sha256:28fbe94d23f314f524acea7ff23ef6f72ddb232492d6d0b39c25a97fc20be0fa"
            ],
            "index": "pypi",
            "version": "==0.6"
        },
        "faker": {
            "hashes": [
                "sha256:74b32991f8e08e4f2f84858b919eca253becfaec4b3fa5fcff7fdbd70d5d78b1",
                "sha256:c2ce42dd8361e6d392276006d757532562463c8642b1086709584200b7fd7758"
            ],
            "version": "==0.9.1"
        },
        "freezegun": {
            "hashes": [
                "sha256:82c757a05b7c7ca3e176bfebd7d6779fd9139c7cb4ef969c38a28d74deef89b2",
                "sha256:e2062f2c7f95cc276a834c22f1a17179467176b624cc6f936e8bc3be5535ad1b"
            ],
            "index": "pypi",
            "version": "==0.3.15"
        },
        "gunicorn": {
            "hashes": [
                "sha256:1904bb2b8a43658807108d59c3f3d56c2b6121a701161de0ddf9ad140073c626",
                "sha256:cd4a810dd51bf497552cf3f863b575dabd73d6ad6a91075b65936b151cbf4f9c"
            ],
            "index": "pypi",
            "version": "==20.0.4"
        },
        "idna": {
            "hashes": [
                "sha256:7588d1c14ae4c77d74036e8c22ff447b26d0fde8f007354fd48a7814db15b7cb",
                "sha256:a068a21ceac8a4d63dbfd964670474107f541babbd2250d61922f029858365fa"
            ],
            "version": "==2.9"
        },
        "kombu": {
            "hashes": [
                "sha256:2d1cda774126a044d91a7ff5fa6d09edf99f46924ab332a810760fe6740e9b76",
                "sha256:598e7e749d6ab54f646b74b2d2df67755dee13894f73ab02a2a9feb8870c7cb2"
            ],
            "version": "==4.6.8"
        },
        "mixer": {
            "hashes": [
                "sha256:3601e84134b79cd4ac663f79a39fc3005d6a3f37692e7062cc3c0a727ab79940",
                "sha256:f1ccab542a1304d7b3da5d6ebe9f53de1aac2288427121a3a54a63e08c3a5367"
            ],
            "index": "pypi",
            "version": "==6.1.3"
        },
        "oauthlib": {
            "hashes": [
                "sha256:bee41cc35fcca6e988463cacc3bcb8a96224f470ca547e697b604cc697b2f889",
                "sha256:df884cd6cbe20e32633f1db1072e9356f53638e4361bef4e8b03c9127c9328ea"
            ],
            "version": "==3.1.0"
        },
        "peewee": {
            "hashes": [
                "sha256:9492af4d1f8e18a7fa0e930960315b38931286ea0f1659bbd5503456cffdacde"
            ],
            "index": "pypi",
            "version": "==3.13.1"
        },
        "psycopg2-binary": {
            "hashes": [
                "sha256:040234f8a4a8dfd692662a8308d78f63f31a97e1c42d2480e5e6810c48966a29",
                "sha256:086f7e89ec85a6704db51f68f0dcae432eff9300809723a6e8782c41c2f48e03",
                "sha256:18ca813fdb17bc1db73fe61b196b05dd1ca2165b884dd5ec5568877cabf9b039",
                "sha256:19dc39616850342a2a6db70559af55b22955f86667b5f652f40c0e99253d9881",
                "sha256:2166e770cb98f02ed5ee2b0b569d40db26788e0bf2ec3ae1a0d864ea6f1d8309",
                "sha256:3a2522b1d9178575acee4adf8fd9f979f9c0449b00b4164bb63c3475ea6528ed",
                "sha256:3aa773580f85a28ffdf6f862e59cb5a3cc7ef6885121f2de3fca8d6ada4dbf3b",
                "sha256:3b5deaa3ee7180585a296af33e14c9b18c218d148e735c7accf78130765a47e3",
                "sha256:407af6d7e46593415f216c7f56ba087a9a42bd6dc2ecb86028760aa45b802bd7",
                "sha256:4c3c09fb674401f630626310bcaf6cd6285daf0d5e4c26d6e55ca26a2734e39b",
                "sha256:4c6717962247445b4f9e21c962ea61d2e884fc17df5ddf5e35863b016f8a1f03",
                "sha256:50446fae5681fc99f87e505d4e77c9407e683ab60c555ec302f9ac9bffa61103",
                "sha256:5057669b6a66aa9ca118a2a860159f0ee3acf837eda937bdd2a64f3431361a2d",
                "sha256:5dd90c5438b4f935c9d01fcbad3620253da89d19c1f5fca9158646407ed7df35",
                "sha256:659c815b5b8e2a55193ede2795c1e2349b8011497310bb936da7d4745652823b",
                "sha256:69b13fdf12878b10dc6003acc8d0abf3ad93e79813fd5f3812497c1c9fb9be49",
                "sha256:7a1cb80e35e1ccea3e11a48afe65d38744a0e0bde88795cc56a4d05b6e4f9d70",
                "sha256:7e6e3c52e6732c219c07bd97fff6c088f8df4dae3b79752ee3a817e6f32e177e",
                "sha256:7f42a8490c4fe854325504ce7a6e4796b207960dabb2cbafe3c3959cb00d1d7e",
                "sha256:84156313f258eafff716b2961644a4483a9be44a5d43551d554844d15d4d224e",
                "sha256:8578d6b8192e4c805e85f187bc530d0f52ba86c39172e61cd51f68fddd648103",
                "sha256:890167d5091279a27e2505ff0e1fb273f8c48c41d35c5b92adbf4af80e6b2ed6",
                "sha256:98e10634792ac0e9e7a92a76b4991b44c2325d3e7798270a808407355e7bb0a1",
                "sha256:9aadff9032e967865f9778485571e93908d27dab21d0fdfdec0ca779bb6f8ad9",
                "sha256:9f24f383a298a0c0f9b3113b982e21751a8ecde6615494a3f1470eb4a9d70e9e",
                "sha256:a73021b44813b5c84eda4a3af5826dd72356a900bac9bd9dd1f0f81ee1c22c2f",
                "sha256:afd96845e12638d2c44d213d4810a08f4dc4a563f9a98204b7428e567014b1cd",
                "sha256:b73ddf033d8cd4cc9dfed6324b1ad2a89ba52c410ef6877998422fcb9c23e3a8",
                "sha256:b8f490f5fad1767a1331df1259763b3bad7d7af12a75b950c2843ba319b2415f",
                "sha256:dbc5cd56fff1a6152ca59445178652756f4e509f672e49ccdf3d79c1043113a4",
                "sha256:eac8a3499754790187bb00574ab980df13e754777d346f85e0ff6df929bcd964",
                "sha256:eaed1c65f461a959284649e37b5051224f4db6ebdc84e40b5e65f2986f101a08"
            ],
            "index": "pypi",
            "version": "==2.8.4"
        },
        "pysocks": {
            "hashes": [
                "sha256:08e69f092cc6dbe92a0fdd16eeb9b9ffbc13cadfe5ca4c7bd92ffb078b293299",
                "sha256:2725bd0a9925919b9b51739eea5f9e2bae91e83288108a9ad338b2e3a4435ee5",
                "sha256:3f8804571ebe159c380ac6de37643bb4685970655d3bba243530d6558b799aa0"
            ],
            "version": "==1.7.1"
        },
        "python-dateutil": {
            "hashes": [
                "sha256:73ebfe9dbf22e832286dafa60473e4cd239f8592f699aa5adaf10050e6e1823c",
                "sha256:75bb3f31ea686f1197762692a9ee6a7550b59fc6ca3a1f4b5d7e32fb98e2da2a"
            ],
            "version": "==2.8.1"
        },
        "python-decouple": {
            "hashes": [
                "sha256:55c546b85b0c47a15a47a4312d451a437f7344a9be3e001660bccd93b637de95"
            ],
            "index": "pypi",
            "version": "==3.3"
        },
        "pytz": {
            "hashes": [
                "sha256:1c557d7d0e871de1f5ccd5833f60fb2550652da6be2693c1e02300743d21500d",
                "sha256:b02c06db6cf09c12dd25137e563b31700d3b80fcc4ad23abb7a315f2789819be"
            ],
            "version": "==2019.3"
        },
        "requests": {
            "hashes": [
                "sha256:43999036bfa82904b6af1d99e4882b560e5e2c68e5c4b0aa03b655f3d7d73fee",
                "sha256:b3f43d496c6daba4493e7c431722aeb7dbc6288f52a6e04e7b6023b0247817e6"
            ],
            "version": "==2.23.0"
        },
        "requests-oauthlib": {
            "hashes": [
                "sha256:7f71572defaecd16372f9006f33c2ec8c077c3cfa6f5911a9a90202beb513f3d",
                "sha256:b4261601a71fd721a8bd6d7aa1cc1d6a8a93b4a9f5e96626f8e4d91e8beeaa6a"
            ],
            "version": "==1.3.0"
        },
        "six": {
            "hashes": [
                "sha256:236bdbdce46e6e6a3d61a337c0f8b763ca1e8717c03b369e87a7ec7ce1319c0a",
                "sha256:8f3cd2e254d8f793e7f3d6d9df77b92252b52637291d0f0da013c76ea2724b6c"
            ],
            "version": "==1.14.0"
        },
        "sqlparse": {
            "hashes": [
                "sha256:022fb9c87b524d1f7862b3037e541f68597a730a8843245c349fc93e1643dc4e",
                "sha256:e162203737712307dfe78860cc56c8da8a852ab2ee33750e33aeadf38d12c548"
            ],
            "version": "==0.3.1"
        },
        "text-unidecode": {
            "hashes": [
                "sha256:5a1375bb2ba7968740508ae38d92e1f889a0832913cb1c447d5e2046061a396d",
                "sha256:801e38bd550b943563660a91de8d4b6fa5df60a542be9093f7abf819f86050cc"
            ],
            "version": "==1.2"
        },
        "tqdm": {
            "hashes": [
                "sha256:0d8b5afb66e23d80433102e9bd8b5c8b65d34c2a2255b2de58d97bd2ea8170fd",
                "sha256:f35fb121bafa030bd94e74fcfd44f3c2830039a2ddef7fc87ef1c2d205237b24"
            ],
            "index": "pypi",
            "version": "==4.43.0"
        },
        "tweepy": {
            "hashes": [
                "sha256:8abd828ba51a85a2b5bb7373715d6d3bb32d18ac624e3a4db02e4ef8ab48316b",
                "sha256:ecc7f200c86127903017e48824efd008734814e95f3e8e9b45ce0f4120dd08db"
            ],
            "index": "pypi",
            "version": "==3.8.0"
        },
        "typer": {
            "extras": [
                "click-completion"
            ],
            "hashes": [
                "sha256:3872efb6634a9cf1ef28aee363dd48914173485f7e09303c038489dae2db4d8f",
                "sha256:8fa500e52606717643a15239d76176614899950941509525b20289500267c9b9"
            ],
            "index": "pypi",
            "version": "==0.0.11"
        },
        "urllib3": {
            "hashes": [
                "sha256:2f3db8b19923a873b3e5256dc9c2dedfa883e33d87c690d9c7913e1f40673cdc",
                "sha256:87716c2d2a7121198ebcb7ce7cccf6ce5e9ba539041cfbaeecfb641dc0bf6acc"
            ],
            "version": "==1.25.8"
        },
        "vine": {
            "hashes": [
                "sha256:133ee6d7a9016f177ddeaf191c1f58421a1dcc6ee9a42c58b34bed40e1d2cd87",
                "sha256:ea4947cc56d1fd6f2095c8d543ee25dad966f78692528e68b4fada11ba3f98af"
            ],
            "version": "==1.3.0"
        },
        "whitenoise": {
            "extras": [
                "brotli"
            ],
            "hashes": [
                "sha256:0f9137f74bd95fa54329ace88d8dc695fbe895369a632e35f7a136e003e41d73",
                "sha256:62556265ec1011bd87113fb81b7516f52688887b7a010ee899ff1fd18fd22700"
            ],
            "index": "pypi",
            "version": "==5.0.1"
        }
    },
    "develop": {
        "amqp": {
            "hashes": [
                "sha256:6e649ca13a7df3faacdc8bbb280aa9a6602d22fd9d545336077e573a1f4ff3b8",
                "sha256:77f1aef9410698d20eaeac5b73a87817365f457a507d82edf292e12cbb83b08d"
            ],
            "version": "==2.5.2"
        },
        "appnope": {
            "hashes": [
                "sha256:5b26757dc6f79a3b7dc9fab95359328d5747fcb2409d331ea66d0272b90ab2a0",
                "sha256:8b995ffe925347a2138d7ac0fe77155e4311a0ea6d6da4f5128fe4b3cbe5ed71"
            ],
            "markers": "sys_platform == 'darwin'",
            "version": "==0.1.0"
        },
        "babel": {
            "hashes": [
                "sha256:1aac2ae2d0d8ea368fa90906567f5c08463d98ade155c0c4bfedd6a0f7160e38",
                "sha256:d670ea0b10f8b723672d3a6abeb87b565b244da220d76b4dba1b66269ec152d4"
            ],
            "version": "==2.8.0"
        },
        "backcall": {
            "hashes": [
                "sha256:38ecd85be2c1e78f77fd91700c76e14667dc21e2713b63876c0eb901196e01e4",
                "sha256:bbbf4b1e5cd2bdb08f915895b51081c041bac22394fdfcfdfbe9f14b77c08bf2"
            ],
            "version": "==0.1.0"
        },
        "billiard": {
            "hashes": [
                "sha256:bff575450859a6e0fbc2f9877d9b715b0bbc07c3565bb7ed2280526a0cdf5ede",
                "sha256:d91725ce6425f33a97dfa72fb6bfef0e47d4652acd98a032bd1a7fbf06d5fa6a"
            ],
            "version": "==3.6.3.0"
        },
        "celery": {
            "hashes": [
                "sha256:108a0bf9018a871620936c33a3ee9f6336a89f8ef0a0f567a9001f4aa361415f",
                "sha256:5b4b37e276033fe47575107a2775469f0b721646a08c96ec2c61531e4fe45f2a"
            ],
            "index": "pypi",
            "version": "==4.4.2"
        },
        "click": {
            "hashes": [
                "sha256:8a18b4ea89d8820c5d0c7da8a64b2c324b4dabb695804dbfea19b9be9d88c0cc",
                "sha256:e345d143d80bf5ee7534056164e5e112ea5e22716bbb1ce727941f4c8b471b9a"
            ],
            "version": "==7.1.1"
        },
        "click-completion": {
            "hashes": [
                "sha256:5bf816b81367e638a190b6e91b50779007d14301b3f9f3145d68e3cade7bce86"
            ],
            "version": "==0.5.2"
        },
        "colorama": {
            "hashes": [
                "sha256:7d73d2a99753107a36ac6b455ee49046802e59d9d076ef8e47b61499fa29afff",
                "sha256:e96da0d330793e2cb9485e9ddfd918d456036c7149416295932478192f4436a1"
            ],
            "version": "==0.4.3"
        },
        "createnv": {
            "hashes": [
                "sha256:28dcad8827fe1a2a7e836a86ae0fdfcc4724d7cc6e4ba21536df2fc847516775",
                "sha256:3127c654032cb94442d93572937494d31865c7b3b45dacae415d5e6f418b00c5"
            ],
            "index": "pypi",
            "version": "==0.0.1"
        },
        "decorator": {
            "hashes": [
                "sha256:41fa54c2a0cc4ba648be4fd43cff00aedf5b9465c9bf18d64325bc225f08f760",
                "sha256:e3a62f0520172440ca0dcc823749319382e377f37f140a0b99ef45fecb84bfe7"
            ],
            "version": "==4.4.2"
        },
        "flower": {
            "hashes": [
                "sha256:7f45acb297ab7cf3dd40140816143a2588f6938dbd70b8c46b59c7d8d1e93d55"
            ],
            "index": "pypi",
            "version": "==0.9.3"
        },
        "ipdb": {
            "hashes": [
                "sha256:77fb1c2a6fccdfee0136078c9ed6fe547ab00db00bebff181f1e8c9e13418d49"
            ],
            "index": "pypi",
            "version": "==0.13.2"
        },
        "ipython": {
            "hashes": [
                "sha256:ca478e52ae1f88da0102360e57e528b92f3ae4316aabac80a2cd7f7ab2efb48a",
                "sha256:eb8d075de37f678424527b5ef6ea23f7b80240ca031c2dd6de5879d687a65333"
            ],
            "index": "pypi",
            "version": "==7.13.0"
        },
        "ipython-genutils": {
            "hashes": [
                "sha256:72dd37233799e619666c9f639a9da83c34013a73e8bbc79a7a6348d93c61fab8",
                "sha256:eb2e116e75ecef9d4d228fdc66af54269afa26ab4463042e33785b887c628ba8"
            ],
            "version": "==0.2.0"
        },
        "isort": {
            "hashes": [
                "sha256:54da7e92468955c4fceacd0c86bd0ec997b0e1ee80d97f67c35a78b719dccab1",
                "sha256:6e811fcb295968434526407adb8796944f1988c5b65e8139058f2014cbe100fd"
            ],
            "index": "pypi",
            "version": "==4.3.21"
        },
        "jedi": {
            "hashes": [
                "sha256:b4f4052551025c6b0b0b193b29a6ff7bdb74c52450631206c262aef9f7159ad2",
                "sha256:d5c871cb9360b414f981e7072c52c33258d598305280fef91c6cae34739d65d5"
            ],
            "version": "==0.16.0"
        },
        "jinja2": {
            "hashes": [
                "sha256:93187ffbc7808079673ef52771baa950426fd664d3aad1d0fa3e95644360e250",
                "sha256:b0eaf100007721b5c16c1fc1eecb87409464edc10469ddc9a22a27a99123be49"
            ],
            "version": "==2.11.1"
        },
        "kombu": {
            "hashes": [
                "sha256:2d1cda774126a044d91a7ff5fa6d09edf99f46924ab332a810760fe6740e9b76",
                "sha256:598e7e749d6ab54f646b74b2d2df67755dee13894f73ab02a2a9feb8870c7cb2"
            ],
            "version": "==4.6.8"
        },
        "markupsafe": {
            "hashes": [
                "sha256:00bc623926325b26bb9605ae9eae8a215691f33cae5df11ca5424f06f2d1f473",
                "sha256:09027a7803a62ca78792ad89403b1b7a73a01c8cb65909cd876f7fcebd79b161",
                "sha256:09c4b7f37d6c648cb13f9230d847adf22f8171b1ccc4d5682398e77f40309235",
                "sha256:1027c282dad077d0bae18be6794e6b6b8c91d58ed8a8d89a89d59693b9131db5",
                "sha256:13d3144e1e340870b25e7b10b98d779608c02016d5184cfb9927a9f10c689f42",
                "sha256:24982cc2533820871eba85ba648cd53d8623687ff11cbb805be4ff7b4c971aff",
                "sha256:29872e92839765e546828bb7754a68c418d927cd064fd4708fab9fe9c8bb116b",
                "sha256:43a55c2930bbc139570ac2452adf3d70cdbb3cfe5912c71cdce1c2c6bbd9c5d1",
                "sha256:46c99d2de99945ec5cb54f23c8cd5689f6d7177305ebff350a58ce5f8de1669e",
                "sha256:500d4957e52ddc3351cabf489e79c91c17f6e0899158447047588650b5e69183",
                "sha256:535f6fc4d397c1563d08b88e485c3496cf5784e927af890fb3c3aac7f933ec66",
                "sha256:596510de112c685489095da617b5bcbbac7dd6384aeebeda4df6025d0256a81b",
                "sha256:62fe6c95e3ec8a7fad637b7f3d372c15ec1caa01ab47926cfdf7a75b40e0eac1",
                "sha256:6788b695d50a51edb699cb55e35487e430fa21f1ed838122d722e0ff0ac5ba15",
                "sha256:6dd73240d2af64df90aa7c4e7481e23825ea70af4b4922f8ede5b9e35f78a3b1",
                "sha256:717ba8fe3ae9cc0006d7c451f0bb265ee07739daf76355d06366154ee68d221e",
                "sha256:79855e1c5b8da654cf486b830bd42c06e8780cea587384cf6545b7d9ac013a0b",
                "sha256:7c1699dfe0cf8ff607dbdcc1e9b9af1755371f92a68f706051cc8c37d447c905",
                "sha256:88e5fcfb52ee7b911e8bb6d6aa2fd21fbecc674eadd44118a9cc3863f938e735",
                "sha256:8defac2f2ccd6805ebf65f5eeb132adcf2ab57aa11fdf4c0dd5169a004710e7d",
                "sha256:98c7086708b163d425c67c7a91bad6e466bb99d797aa64f965e9d25c12111a5e",
                "sha256:9add70b36c5666a2ed02b43b335fe19002ee5235efd4b8a89bfcf9005bebac0d",
                "sha256:9bf40443012702a1d2070043cb6291650a0841ece432556f784f004937f0f32c",
                "sha256:ade5e387d2ad0d7ebf59146cc00c8044acbd863725f887353a10df825fc8ae21",
                "sha256:b00c1de48212e4cc9603895652c5c410df699856a2853135b3967591e4beebc2",
                "sha256:b1282f8c00509d99fef04d8ba936b156d419be841854fe901d8ae224c59f0be5",
                "sha256:b2051432115498d3562c084a49bba65d97cf251f5a331c64a12ee7e04dacc51b",
                "sha256:ba59edeaa2fc6114428f1637ffff42da1e311e29382d81b339c1817d37ec93c6",
                "sha256:c8716a48d94b06bb3b2524c2b77e055fb313aeb4ea620c8dd03a105574ba704f",
                "sha256:cd5df75523866410809ca100dc9681e301e3c27567cf498077e8551b6d20e42f",
                "sha256:cdb132fc825c38e1aeec2c8aa9338310d29d337bebbd7baa06889d09a60a1fa2",
                "sha256:e249096428b3ae81b08327a63a485ad0878de3fb939049038579ac0ef61e17e7",
                "sha256:e8313f01ba26fbbe36c7be1966a7b7424942f670f38e666995b88d012765b9be"
            ],
            "version": "==1.1.1"
        },
        "mypy": {
            "hashes": [
                "sha256:15b948e1302682e3682f11f50208b726a246ab4e6c1b39f9264a8796bb416aa2",
                "sha256:219a3116ecd015f8dca7b5d2c366c973509dfb9a8fc97ef044a36e3da66144a1",
                "sha256:3b1fc683fb204c6b4403a1ef23f0b1fac8e4477091585e0c8c54cbdf7d7bb164",
                "sha256:3beff56b453b6ef94ecb2996bea101a08f1f8a9771d3cbf4988a61e4d9973761",
                "sha256:7687f6455ec3ed7649d1ae574136835a4272b65b3ddcf01ab8704ac65616c5ce",
                "sha256:7ec45a70d40ede1ec7ad7f95b3c94c9cf4c186a32f6bacb1795b60abd2f9ef27",
                "sha256:86c857510a9b7c3104cf4cde1568f4921762c8f9842e987bc03ed4f160925754",
                "sha256:8a627507ef9b307b46a1fea9513d5c98680ba09591253082b4c48697ba05a4ae",
                "sha256:8dfb69fbf9f3aeed18afffb15e319ca7f8da9642336348ddd6cab2713ddcf8f9",
                "sha256:a34b577cdf6313bf24755f7a0e3f3c326d5c1f4fe7422d1d06498eb25ad0c600",
                "sha256:a8ffcd53cb5dfc131850851cc09f1c44689c2812d0beb954d8138d4f5fc17f65",
                "sha256:b90928f2d9eb2f33162405f32dde9f6dcead63a0971ca8a1b50eb4ca3e35ceb8",
                "sha256:c56ffe22faa2e51054c5f7a3bc70a370939c2ed4de308c690e7949230c995913",
                "sha256:f91c7ae919bbc3f96cd5e5b2e786b2b108343d1d7972ea130f7de27fdd547cf3"
            ],
            "index": "pypi",
            "version": "==0.770"
        },
        "mypy-extensions": {
            "hashes": [
                "sha256:090fedd75945a69ae91ce1303b5824f428daf5a028d2f6ab8a299250a846f15d",
                "sha256:2d82818f5bb3e369420cb3c4060a7970edba416647068eb4c5343488a6c604a8"
            ],
            "version": "==0.4.3"
        },
        "parso": {
            "hashes": [
                "sha256:0c5659e0c6eba20636f99a04f469798dca8da279645ce5c387315b2c23912157",
                "sha256:8515fc12cfca6ee3aa59138741fc5624d62340c97e401c74875769948d4f2995"
            ],
            "version": "==0.6.2"
        },
        "pexpect": {
            "hashes": [
                "sha256:0b48a55dcb3c05f3329815901ea4fc1537514d6ba867a152b581d69ae3710937",
                "sha256:fc65a43959d153d0114afe13997d439c22823a27cefceb5ff35c2178c6784c0c"
            ],
            "markers": "sys_platform != 'win32'",
            "version": "==4.8.0"
        },
        "pickleshare": {
            "hashes": [
                "sha256:87683d47965c1da65cdacaf31c8441d12b8044cdec9aca500cd78fc2c683afca",
                "sha256:9649af414d74d4df115d5d718f82acb59c9d418196b7b4290ed47a12ce62df56"
            ],
            "version": "==0.7.5"
        },
        "prompt-toolkit": {
            "hashes": [
                "sha256:859e1b205b6cf6a51fa57fa34202e45365cf58f8338f0ee9f4e84a4165b37d5b",
                "sha256:ebe6b1b08c888b84c50d7f93dee21a09af39860144ff6130aadbd61ae8d29783"
            ],
            "version": "==3.0.4"
        },
        "ptyprocess": {
            "hashes": [
                "sha256:923f299cc5ad920c68f2bc0bc98b75b9f838b93b599941a6b63ddbc2476394c0",
                "sha256:d7cc528d76e76342423ca640335bd3633420dc1366f258cb31d05e865ef5ca1f"
            ],
            "version": "==0.6.0"
        },
        "pygments": {
            "hashes": [
                "sha256:647344a061c249a3b74e230c739f434d7ea4d8b1d5f3721bc0f3558049b38f44",
                "sha256:ff7a40b4860b727ab48fad6360eb351cc1b33cbf9b15a0f689ca5353e9463324"
            ],
            "version": "==2.6.1"
        },
        "pytz": {
            "hashes": [
                "sha256:1c557d7d0e871de1f5ccd5833f60fb2550652da6be2693c1e02300743d21500d",
                "sha256:b02c06db6cf09c12dd25137e563b31700d3b80fcc4ad23abb7a315f2789819be"
            ],
            "version": "==2019.3"
        },
        "shellingham": {
            "hashes": [
                "sha256:576c1982bea0ba82fb46c36feb951319d7f42214a82634233f58b40d858a751e",
                "sha256:7f6206ae169dc1a03af8a138681b3f962ae61cc93ade84d0585cca3aaf770044"
            ],
            "version": "==1.3.2"
        },
        "six": {
            "hashes": [
                "sha256:236bdbdce46e6e6a3d61a337c0f8b763ca1e8717c03b369e87a7ec7ce1319c0a",
                "sha256:8f3cd2e254d8f793e7f3d6d9df77b92252b52637291d0f0da013c76ea2724b6c"
            ],
            "version": "==1.14.0"
        },
        "tornado": {
            "hashes": [
                "sha256:0662d28b1ca9f67108c7e3b77afabfb9c7e87bde174fbda78186ecedc2499a9d",
                "sha256:4e5158d97583502a7e2739951553cbd88a72076f152b4b11b64b9a10c4c49409",
                "sha256:732e836008c708de2e89a31cb2fa6c0e5a70cb60492bee6f1ea1047500feaf7f",
                "sha256:8154ec22c450df4e06b35f131adc4f2f3a12ec85981a203301d310abf580500f",
                "sha256:8e9d728c4579682e837c92fdd98036bd5cdefa1da2aaf6acf26947e6dd0c01c5",
                "sha256:d4b3e5329f572f055b587efc57d29bd051589fb5a43ec8898c77a47ec2fa2bbb",
                "sha256:e5f2585afccbff22390cddac29849df463b252b711aa2ce7c5f3f342a5b3b444"
            ],
            "version": "==5.1.1"
        },
        "traitlets": {
            "hashes": [
                "sha256:70b4c6a1d9019d7b4f6846832288f86998aa3b9207c6821f3578a6a6a467fe44",
                "sha256:d023ee369ddd2763310e4c3eae1ff649689440d4ae59d7485eb4cfbbe3e359f7"
            ],
            "version": "==4.3.3"
        },
        "typed-ast": {
            "hashes": [
                "sha256:0666aa36131496aed8f7be0410ff974562ab7eeac11ef351def9ea6fa28f6355",
                "sha256:0c2c07682d61a629b68433afb159376e24e5b2fd4641d35424e462169c0a7919",
                "sha256:249862707802d40f7f29f6e1aad8d84b5aa9e44552d2cc17384b209f091276aa",
                "sha256:24995c843eb0ad11a4527b026b4dde3da70e1f2d8806c99b7b4a7cf491612652",
                "sha256:269151951236b0f9a6f04015a9004084a5ab0d5f19b57de779f908621e7d8b75",
                "sha256:4083861b0aa07990b619bd7ddc365eb7fa4b817e99cf5f8d9cf21a42780f6e01",
                "sha256:498b0f36cc7054c1fead3d7fc59d2150f4d5c6c56ba7fb150c013fbc683a8d2d",
                "sha256:4e3e5da80ccbebfff202a67bf900d081906c358ccc3d5e3c8aea42fdfdfd51c1",
                "sha256:6daac9731f172c2a22ade6ed0c00197ee7cc1221aa84cfdf9c31defeb059a907",
                "sha256:715ff2f2df46121071622063fc7543d9b1fd19ebfc4f5c8895af64a77a8c852c",
                "sha256:73d785a950fc82dd2a25897d525d003f6378d1cb23ab305578394694202a58c3",
                "sha256:8c8aaad94455178e3187ab22c8b01a3837f8ee50e09cf31f1ba129eb293ec30b",
                "sha256:8ce678dbaf790dbdb3eba24056d5364fb45944f33553dd5869b7580cdbb83614",
                "sha256:aaee9905aee35ba5905cfb3c62f3e83b3bec7b39413f0a7f19be4e547ea01ebb",
                "sha256:bcd3b13b56ea479b3650b82cabd6b5343a625b0ced5429e4ccad28a8973f301b",
                "sha256:c9e348e02e4d2b4a8b2eedb48210430658df6951fa484e59de33ff773fbd4b41",
                "sha256:d205b1b46085271b4e15f670058ce182bd1199e56b317bf2ec004b6a44f911f6",
                "sha256:d43943ef777f9a1c42bf4e552ba23ac77a6351de620aa9acf64ad54933ad4d34",
                "sha256:d5d33e9e7af3b34a40dc05f498939f0ebf187f07c385fd58d591c533ad8562fe",
                "sha256:fc0fea399acb12edbf8a628ba8d2312f583bdbdb3335635db062fa98cf71fca4",
                "sha256:fe460b922ec15dd205595c9b5b99e2f056fd98ae8f9f56b888e7a17dc2b757e7"
            ],
            "version": "==1.4.1"
        },
        "typer": {
            "extras": [
                "click-completion"
            ],
            "hashes": [
                "sha256:3872efb6634a9cf1ef28aee363dd48914173485f7e09303c038489dae2db4d8f",
                "sha256:8fa500e52606717643a15239d76176614899950941509525b20289500267c9b9"
            ],
            "index": "pypi",
            "version": "==0.0.11"
        },
        "typing-extensions": {
            "hashes": [
                "sha256:091ecc894d5e908ac75209f10d5b4f118fbdb2eb1ede6a63544054bb1edb41f2",
                "sha256:910f4656f54de5993ad9304959ce9bb903f90aadc7c67a0bef07e678014e892d",
                "sha256:cf8b63fedea4d89bab840ecbb93e75578af28f76f66c35889bd7065f5af88575"
            ],
            "version": "==3.7.4.1"
        },
        "vine": {
            "hashes": [
                "sha256:133ee6d7a9016f177ddeaf191c1f58421a1dcc6ee9a42c58b34bed40e1d2cd87",
                "sha256:ea4947cc56d1fd6f2095c8d543ee25dad966f78692528e68b4fada11ba3f98af"
            ],
            "version": "==1.3.0"
        },
        "wcwidth": {
            "hashes": [
                "sha256:8fd29383f539be45b20bd4df0dc29c20ba48654a41e661925e612311e9f3c603",
                "sha256:f28b3e8a6483e5d49e7f8949ac1a78314e740333ae305b4ba5defd3e74fb37a8"
            ],
            "version": "==0.1.8"
        }
    }
}
